// !$*UTF8*$!
{
	archiveVersion = 1;
	classes = {
	};
	objectVersion = 56;
	objects = {

/* Begin PBXBuildFile section */
		A6BDF660778EFFCF4322BFB5 /* Pods_Parser.framework in Frameworks */ = {isa = PBXBuildFile; fileRef = 7D5B0E7761F8BD01C512CD5E /* Pods_Parser.framework */; };
		AFD1651B29277E3F00B6E5A9 /* AppDelegate.swift in Sources */ = {isa = PBXBuildFile; fileRef = AFD1651A29277E3F00B6E5A9 /* AppDelegate.swift */; };
		AFD1651D29277E3F00B6E5A9 /* SceneDelegate.swift in Sources */ = {isa = PBXBuildFile; fileRef = AFD1651C29277E3F00B6E5A9 /* SceneDelegate.swift */; };
		AFD1651F29277E3F00B6E5A9 /* ViewController.swift in Sources */ = {isa = PBXBuildFile; fileRef = AFD1651E29277E3F00B6E5A9 /* ViewController.swift */; };
		AFD1652229277E3F00B6E5A9 /* Main.storyboard in Resources */ = {isa = PBXBuildFile; fileRef = AFD1652029277E3F00B6E5A9 /* Main.storyboard */; };
		AFD1652429277E4800B6E5A9 /* Assets.xcassets in Resources */ = {isa = PBXBuildFile; fileRef = AFD1652329277E4800B6E5A9 /* Assets.xcassets */; };
		AFD1652729277E4800B6E5A9 /* LaunchScreen.storyboard in Resources */ = {isa = PBXBuildFile; fileRef = AFD1652529277E4800B6E5A9 /* LaunchScreen.storyboard */; };
		AFD1652F2927805600B6E5A9 /* Cell.swift in Sources */ = {isa = PBXBuildFile; fileRef = AFD1652E2927805600B6E5A9 /* Cell.swift */; };
		AFD16536292B6FAA00B6E5A9 /* Constants.swift in Sources */ = {isa = PBXBuildFile; fileRef = AFD16535292B6FAA00B6E5A9 /* Constants.swift */; };
		AFD16538292B716300B6E5A9 /* Model.swift in Sources */ = {isa = PBXBuildFile; fileRef = AFD16537292B716300B6E5A9 /* Model.swift */; };
/* End PBXBuildFile section */

/* Begin PBXFileReference section */
		7036D297E4AD3AB16400CA99 /* Pods-Parser.release.xcconfig */ = {isa = PBXFileReference; includeInIndex = 1; lastKnownFileType = text.xcconfig; name = "Pods-Parser.release.xcconfig"; path = "Target Support Files/Pods-Parser/Pods-Parser.release.xcconfig"; sourceTree = "<group>"; };
		7D5B0E7761F8BD01C512CD5E /* Pods_Parser.framework */ = {isa = PBXFileReference; explicitFileType = wrapper.framework; includeInIndex = 0; path = Pods_Parser.framework; sourceTree = BUILT_PRODUCTS_DIR; };
		86FDA0F5FFE3F0B3C5D91166 /* Pods-Parser.debug.xcconfig */ = {isa = PBXFileReference; includeInIndex = 1; lastKnownFileType = text.xcconfig; name = "Pods-Parser.debug.xcconfig"; path = "Target Support Files/Pods-Parser/Pods-Parser.debug.xcconfig"; sourceTree = "<group>"; };
		AFD1651729277E3F00B6E5A9 /* Parser.app */ = {isa = PBXFileReference; explicitFileType = wrapper.application; includeInIndex = 0; path = Parser.app; sourceTree = BUILT_PRODUCTS_DIR; };
		AFD1651A29277E3F00B6E5A9 /* AppDelegate.swift */ = {isa = PBXFileReference; lastKnownFileType = sourcecode.swift; path = AppDelegate.swift; sourceTree = "<group>"; };
		AFD1651C29277E3F00B6E5A9 /* SceneDelegate.swift */ = {isa = PBXFileReference; lastKnownFileType = sourcecode.swift; path = SceneDelegate.swift; sourceTree = "<group>"; };
		AFD1651E29277E3F00B6E5A9 /* ViewController.swift */ = {isa = PBXFileReference; lastKnownFileType = sourcecode.swift; path = ViewController.swift; sourceTree = "<group>"; };
		AFD1652129277E3F00B6E5A9 /* Base */ = {isa = PBXFileReference; lastKnownFileType = file.storyboard; name = Base; path = Base.lproj/Main.storyboard; sourceTree = "<group>"; };
		AFD1652329277E4800B6E5A9 /* Assets.xcassets */ = {isa = PBXFileReference; lastKnownFileType = folder.assetcatalog; path = Assets.xcassets; sourceTree = "<group>"; };
		AFD1652629277E4800B6E5A9 /* Base */ = {isa = PBXFileReference; lastKnownFileType = file.storyboard; name = Base; path = Base.lproj/LaunchScreen.storyboard; sourceTree = "<group>"; };
		AFD1652829277E4800B6E5A9 /* Info.plist */ = {isa = PBXFileReference; lastKnownFileType = text.plist.xml; path = Info.plist; sourceTree = "<group>"; };
		AFD1652E2927805600B6E5A9 /* Cell.swift */ = {isa = PBXFileReference; lastKnownFileType = sourcecode.swift; path = Cell.swift; sourceTree = "<group>"; };
		AFD16535292B6FAA00B6E5A9 /* Constants.swift */ = {isa = PBXFileReference; lastKnownFileType = sourcecode.swift; path = Constants.swift; sourceTree = "<group>"; };
		AFD16537292B716300B6E5A9 /* Model.swift */ = {isa = PBXFileReference; lastKnownFileType = sourcecode.swift; path = Model.swift; sourceTree = "<group>"; };
/* End PBXFileReference section */

/* Begin PBXFrameworksBuildPhase section */
		AFD1651429277E3F00B6E5A9 /* Frameworks */ = {
			isa = PBXFrameworksBuildPhase;
			buildActionMask = 2147483647;
			files = (
				A6BDF660778EFFCF4322BFB5 /* Pods_Parser.framework in Frameworks */,
			);
			runOnlyForDeploymentPostprocessing = 0;
		};
/* End PBXFrameworksBuildPhase section */

/* Begin PBXGroup section */
		180D8051EFB7A7C5086AB754 /* Pods */ = {
			isa = PBXGroup;
			children = (
				86FDA0F5FFE3F0B3C5D91166 /* Pods-Parser.debug.xcconfig */,
				7036D297E4AD3AB16400CA99 /* Pods-Parser.release.xcconfig */,
			);
			path = Pods;
			sourceTree = "<group>";
		};
		9A9E65EBADF29BC9AEC3E42E /* Frameworks */ = {
			isa = PBXGroup;
			children = (
				7D5B0E7761F8BD01C512CD5E /* Pods_Parser.framework */,
			);
			name = Frameworks;
			sourceTree = "<group>";
		};
		AFD1650E29277E3E00B6E5A9 = {
			isa = PBXGroup;
			children = (
				AFD1651929277E3F00B6E5A9 /* Parser */,
				AFD1651829277E3F00B6E5A9 /* Products */,
				180D8051EFB7A7C5086AB754 /* Pods */,
				9A9E65EBADF29BC9AEC3E42E /* Frameworks */,
			);
			sourceTree = "<group>";
		};
		AFD1651829277E3F00B6E5A9 /* Products */ = {
			isa = PBXGroup;
			children = (
				AFD1651729277E3F00B6E5A9 /* Parser.app */,
			);
			name = Products;
			sourceTree = "<group>";
		};
		AFD1651929277E3F00B6E5A9 /* Parser */ = {
			isa = PBXGroup;
			children = (
				AFD1651A29277E3F00B6E5A9 /* AppDelegate.swift */,
				AFD1651C29277E3F00B6E5A9 /* SceneDelegate.swift */,
				AFD1651E29277E3F00B6E5A9 /* ViewController.swift */,
				AFD16535292B6FAA00B6E5A9 /* Constants.swift */,
				AFD16537292B716300B6E5A9 /* Model.swift */,
				AFD1652E2927805600B6E5A9 /* Cell.swift */,
				AFD1652029277E3F00B6E5A9 /* Main.storyboard */,
				AFD1652329277E4800B6E5A9 /* Assets.xcassets */,
				AFD1652529277E4800B6E5A9 /* LaunchScreen.storyboard */,
				AFD1652829277E4800B6E5A9 /* Info.plist */,
			);
			path = Parser;
			sourceTree = "<group>";
		};
/* End PBXGroup section */

/* Begin PBXNativeTarget section */
		AFD1651629277E3F00B6E5A9 /* Parser */ = {
			isa = PBXNativeTarget;
			buildConfigurationList = AFD1652B29277E4800B6E5A9 /* Build configuration list for PBXNativeTarget "Parser" */;
			buildPhases = (
				7B3DF628EEE5AE9F6537292B /* [CP] Check Pods Manifest.lock */,
				AFD1651329277E3F00B6E5A9 /* Sources */,
				AFD1651429277E3F00B6E5A9 /* Frameworks */,
				AFD1651529277E3F00B6E5A9 /* Resources */,
				9C6C84D4F7BC00A2C0568806 /* [CP] Embed Pods Frameworks */,
			);
			buildRules = (
			);
			dependencies = (
			);
			name = Parser;
			productName = Parser;
			productReference = AFD1651729277E3F00B6E5A9 /* Parser.app */;
			productType = "com.apple.product-type.application";
		};
/* End PBXNativeTarget section */

/* Begin PBXProject section */
		AFD1650F29277E3E00B6E5A9 /* Project object */ = {
			isa = PBXProject;
			attributes = {
				BuildIndependentTargetsInParallel = 1;
				LastSwiftUpdateCheck = 1410;
				LastUpgradeCheck = 1410;
				TargetAttributes = {
					AFD1651629277E3F00B6E5A9 = {
						CreatedOnToolsVersion = 14.1;
					};
				};
			};
			buildConfigurationList = AFD1651229277E3E00B6E5A9 /* Build configuration list for PBXProject "Parser" */;
			compatibilityVersion = "Xcode 14.0";
			developmentRegion = en;
			hasScannedForEncodings = 0;
			knownRegions = (
				en,
				Base,
			);
			mainGroup = AFD1650E29277E3E00B6E5A9;
			productRefGroup = AFD1651829277E3F00B6E5A9 /* Products */;
			projectDirPath = "";
			projectRoot = "";
			targets = (
				AFD1651629277E3F00B6E5A9 /* Parser */,
			);
		};
/* End PBXProject section */

/* Begin PBXResourcesBuildPhase section */
		AFD1651529277E3F00B6E5A9 /* Resources */ = {
			isa = PBXResourcesBuildPhase;
			buildActionMask = 2147483647;
			files = (
				AFD1652729277E4800B6E5A9 /* LaunchScreen.storyboard in Resources */,
				AFD1652429277E4800B6E5A9 /* Assets.xcassets in Resources */,
				AFD1652229277E3F00B6E5A9 /* Main.storyboard in Resources */,
			);
			runOnlyForDeploymentPostprocessing = 0;
		};
/* End PBXResourcesBuildPhase section */

/* Begin PBXShellScriptBuildPhase section */
		7B3DF628EEE5AE9F6537292B /* [CP] Check Pods Manifest.lock */ = {
			isa = PBXShellScriptBuildPhase;
			buildActionMask = 2147483647;
			files = (
			);
			inputFileListPaths = (
			);
			inputPaths = (
				"${PODS_PODFILE_DIR_PATH}/Podfile.lock",
				"${PODS_ROOT}/Manifest.lock",
			);
			name = "[CP] Check Pods Manifest.lock";
			outputFileListPaths = (
			);
			outputPaths = (
				"$(DERIVED_FILE_DIR)/Pods-Parser-checkManifestLockResult.txt",
			);
			runOnlyForDeploymentPostprocessing = 0;
			shellPath = /bin/sh;
			shellScript = "diff \"${PODS_PODFILE_DIR_PATH}/Podfile.lock\" \"${PODS_ROOT}/Manifest.lock\" > /dev/null\nif [ $? != 0 ] ; then\n    # print error to STDERR\n    echo \"error: The sandbox is not in sync with the Podfile.lock. Run 'pod install' or update your CocoaPods installation.\" >&2\n    exit 1\nfi\n# This output is used by Xcode 'outputs' to avoid re-running this script phase.\necho \"SUCCESS\" > \"${SCRIPT_OUTPUT_FILE_0}\"\n";
			showEnvVarsInLog = 0;
		};
		9C6C84D4F7BC00A2C0568806 /* [CP] Embed Pods Frameworks */ = {
			isa = PBXShellScriptBuildPhase;
			buildActionMask = 2147483647;
			files = (
			);
			inputFileListPaths = (
				"${PODS_ROOT}/Target Support Files/Pods-Parser/Pods-Parser-frameworks-${CONFIGURATION}-input-files.xcfilelist",
			);
			name = "[CP] Embed Pods Frameworks";
			outputFileListPaths = (
				"${PODS_ROOT}/Target Support Files/Pods-Parser/Pods-Parser-frameworks-${CONFIGURATION}-output-files.xcfilelist",
			);
			runOnlyForDeploymentPostprocessing = 0;
			shellPath = /bin/sh;
			shellScript = "\"${PODS_ROOT}/Target Support Files/Pods-Parser/Pods-Parser-frameworks.sh\"\n";
			showEnvVarsInLog = 0;
		};
/* End PBXShellScriptBuildPhase section */

/* Begin PBXSourcesBuildPhase section */
		AFD1651329277E3F00B6E5A9 /* Sources */ = {
			isa = PBXSourcesBuildPhase;
			buildActionMask = 2147483647;
			files = (
				AFD16536292B6FAA00B6E5A9 /* Constants.swift in Sources */,
				AFD1651F29277E3F00B6E5A9 /* ViewController.swift in Sources */,
				AFD1652F2927805600B6E5A9 /* Cell.swift in Sources */,
				AFD16538292B716300B6E5A9 /* Model.swift in Sources */,
				AFD1651B29277E3F00B6E5A9 /* AppDelegate.swift in Sources */,
				AFD1651D29277E3F00B6E5A9 /* SceneDelegate.swift in Sources */,
			);
			runOnlyForDeploymentPostprocessing = 0;
		};
/* End PBXSourcesBuildPhase section */

/* Begin PBXVariantGroup section */
		AFD1652029277E3F00B6E5A9 /* Main.storyboard */ = {
			isa = PBXVariantGroup;
			children = (
				AFD1652129277E3F00B6E5A9 /* Base */,
			);
			name = Main.storyboard;
			sourceTree = "<group>";
		};
		AFD1652529277E4800B6E5A9 /* LaunchScreen.storyboard */ = {
			isa = PBXVariantGroup;
			children = (
				AFD1652629277E4800B6E5A9 /* Base */,
			);
			name = LaunchScreen.storyboard;
			sourceTree = "<group>";
		};
/* End PBXVariantGroup section */

/* Begin XCBuildConfiguration section */
		AFD1652929277E4800B6E5A9 /* Debug */ = {
			isa = XCBuildConfiguration;
			buildSettings = {
				ALWAYS_SEARCH_USER_PATHS = NO;
				CLANG_ANALYZER_NONNULL = YES;
				CLANG_ANALYZER_NUMBER_OBJECT_CONVERSION = YES_AGGRESSIVE;
				CLANG_CXX_LANGUAGE_STANDARD = "gnu++20";
				CLANG_ENABLE_MODULES = YES;
				CLANG_ENABLE_OBJC_ARC = YES;
				CLANG_ENABLE_OBJC_WEAK = YES;
				CLANG_WARN_BLOCK_CAPTURE_AUTORELEASING = YES;
				CLANG_WARN_BOOL_CONVERSION = YES;
				CLANG_WARN_COMMA = YES;
				CLANG_WARN_CONSTANT_CONVERSION = YES;
				CLANG_WARN_DEPRECATED_OBJC_IMPLEMENTATIONS = YES;
				CLANG_WARN_DIRECT_OBJC_ISA_USAGE = YES_ERROR;
				CLANG_WARN_DOCUMENTATION_COMMENTS = YES;
				CLANG_WARN_EMPTY_BODY = YES;
				CLANG_WARN_ENUM_CONVERSION = YES;
				CLANG_WARN_INFINITE_RECURSION = YES;
				CLANG_WARN_INT_CONVERSION = YES;
				CLANG_WARN_NON_LITERAL_NULL_CONVERSION = YES;
				CLANG_WARN_OBJC_IMPLICIT_RETAIN_SELF = YES;
				CLANG_WARN_OBJC_LITERAL_CONVERSION = YES;
				CLANG_WARN_OBJC_ROOT_CLASS = YES_ERROR;
				CLANG_WARN_QUOTED_INCLUDE_IN_FRAMEWORK_HEADER = YES;
				CLANG_WARN_RANGE_LOOP_ANALYSIS = YES;
				CLANG_WARN_STRICT_PROTOTYPES = YES;
				CLANG_WARN_SUSPICIOUS_MOVE = YES;
				CLANG_WARN_UNGUARDED_AVAILABILITY = YES_AGGRESSIVE;
				CLANG_WARN_UNREACHABLE_CODE = YES;
				CLANG_WARN__DUPLICATE_METHOD_MATCH = YES;
				COPY_PHASE_STRIP = NO;
				DEBUG_INFORMATION_FORMAT = dwarf;
				ENABLE_STRICT_OBJC_MSGSEND = YES;
				ENABLE_TESTABILITY = YES;
				GCC_C_LANGUAGE_STANDARD = gnu11;
				GCC_DYNAMIC_NO_PIC = NO;
				GCC_NO_COMMON_BLOCKS = YES;
				GCC_OPTIMIZATION_LEVEL = 0;
				GCC_PREPROCESSOR_DEFINITIONS = (
					"DEBUG=1",
					"$(inherited)",
				);
				GCC_WARN_64_TO_32_BIT_CONVERSION = YES;
				GCC_WARN_ABOUT_RETURN_TYPE = YES_ERROR;
				GCC_WARN_UNDECLARED_SELECTOR = YES;
				GCC_WARN_UNINITIALIZED_AUTOS = YES_AGGRESSIVE;
				GCC_WARN_UNUSED_FUNCTION = YES;
				GCC_WARN_UNUSED_VARIABLE = YES;
				IPHONEOS_DEPLOYMENT_TARGET = 16.1;
				MTL_ENABLE_DEBUG_INFO = INCLUDE_SOURCE;
				MTL_FAST_MATH = YES;
				ONLY_ACTIVE_ARCH = YES;
				SDKROOT = iphoneos;
				SWIFT_ACTIVE_COMPILATION_CONDITIONS = DEBUG;
				SWIFT_OPTIMIZATION_LEVEL = "-Onone";
			};
			name = Debug;
		};
		AFD1652A29277E4800B6E5A9 /* Release */ = {
			isa = XCBuildConfiguration;
			buildSettings = {
				ALWAYS_SEARCH_USER_PATHS = NO;
				CLANG_ANALYZER_NONNULL = YES;
				CLANG_ANALYZER_NUMBER_OBJECT_CONVERSION = YES_AGGRESSIVE;
				CLANG_CXX_LANGUAGE_STANDARD = "gnu++20";
				CLANG_ENABLE_MODULES = YES;
				CLANG_ENABLE_OBJC_ARC = YES;
				CLANG_ENABLE_OBJC_WEAK = YES;
				CLANG_WARN_BLOCK_CAPTURE_AUTORELEASING = YES;
				CLANG_WARN_BOOL_CONVERSION = YES;
				CLANG_WARN_COMMA = YES;
				CLANG_WARN_CONSTANT_CONVERSION = YES;
				CLANG_WARN_DEPRECATED_OBJC_IMPLEMENTATIONS = YES;
				CLANG_WARN_DIRECT_OBJC_ISA_USAGE = YES_ERROR;
				CLANG_WARN_DOCUMENTATION_COMMENTS = YES;
				CLANG_WARN_EMPTY_BODY = YES;
				CLANG_WARN_ENUM_CONVERSION = YES;
				CLANG_WARN_INFINITE_RECURSION = YES;
				CLANG_WARN_INT_CONVERSION = YES;
				CLANG_WARN_NON_LITERAL_NULL_CONVERSION = YES;
				CLANG_WARN_OBJC_IMPLICIT_RETAIN_SELF = YES;
				CLANG_WARN_OBJC_LITERAL_CONVERSION = YES;
				CLANG_WARN_OBJC_ROOT_CLASS = YES_ERROR;
				CLANG_WARN_QUOTED_INCLUDE_IN_FRAMEWORK_HEADER = YES;
				CLANG_WARN_RANGE_LOOP_ANALYSIS = YES;
				CLANG_WARN_STRICT_PROTOTYPES = YES;
				CLANG_WARN_SUSPICIOUS_MOVE = YES;
				CLANG_WARN_UNGUARDED_AVAILABILITY = YES_AGGRESSIVE;
				CLANG_WARN_UNREACHABLE_CODE = YES;
				CLANG_WARN__DUPLICATE_METHOD_MATCH = YES;
				COPY_PHASE_STRIP = NO;
				DEBUG_INFORMATION_FORMAT = "dwarf-with-dsym";
				ENABLE_NS_ASSERTIONS = NO;
				ENABLE_STRICT_OBJC_MSGSEND = YES;
				GCC_C_LANGUAGE_STANDARD = gnu11;
				GCC_NO_COMMON_BLOCKS = YES;
				GCC_WARN_64_TO_32_BIT_CONVERSION = YES;
				GCC_WARN_ABOUT_RETURN_TYPE = YES_ERROR;
				GCC_WARN_UNDECLARED_SELECTOR = YES;
				GCC_WARN_UNINITIALIZED_AUTOS = YES_AGGRESSIVE;
				GCC_WARN_UNUSED_FUNCTION = YES;
				GCC_WARN_UNUSED_VARIABLE = YES;
				IPHONEOS_DEPLOYMENT_TARGET = 16.1;
				MTL_ENABLE_DEBUG_INFO = NO;
				MTL_FAST_MATH = YES;
				SDKROOT = iphoneos;
				SWIFT_COMPILATION_MODE = wholemodule;
				SWIFT_OPTIMIZATION_LEVEL = "-O";
				VALIDATE_PRODUCT = YES;
			};
			name = Release;
		};
		AFD1652C29277E4800B6E5A9 /* Debug */ = {
			isa = XCBuildConfiguration;
			baseConfigurationReference = 86FDA0F5FFE3F0B3C5D91166 /* Pods-Parser.debug.xcconfig */;
			buildSettings = {
				ASSETCATALOG_COMPILER_APPICON_NAME = AppIcon;
				ASSETCATALOG_COMPILER_GLOBAL_ACCENT_COLOR_NAME = AccentColor;
				CODE_SIGN_STYLE = Automatic;
				CURRENT_PROJECT_VERSION = 1;
				DEVELOPMENT_TEAM = 66U7LMMS3D;
				GENERATE_INFOPLIST_FILE = YES;
				INFOPLIST_FILE = Parser/Info.plist;
				INFOPLIST_KEY_UIApplicationSupportsIndirectInputEvents = YES;
				INFOPLIST_KEY_UILaunchStoryboardName = LaunchScreen;
				INFOPLIST_KEY_UIMainStoryboardFile = Main;
				INFOPLIST_KEY_UISupportedInterfaceOrientations_iPad = "UIInterfaceOrientationPortrait UIInterfaceOrientationPortraitUpsideDown UIInterfaceOrientationLandscapeLeft UIInterfaceOrientationLandscapeRight";
				INFOPLIST_KEY_UISupportedInterfaceOrientations_iPhone = "UIInterfaceOrientationPortrait UIInterfaceOrientationLandscapeLeft UIInterfaceOrientationLandscapeRight";
				LD_RUNPATH_SEARCH_PATHS = (
					"$(inherited)",
					"@executable_path/Frameworks",
				);
				MARKETING_VERSION = 1.0;
				PRODUCT_BUNDLE_IDENTIFIER = kz.RolichZhanna.Parser;
				PRODUCT_NAME = "$(TARGET_NAME)";
				SWIFT_EMIT_LOC_STRINGS = YES;
				SWIFT_VERSION = 5.0;
				TARGETED_DEVICE_FAMILY = "1,2";
			};
			name = Debug;
		};
		AFD1652D29277E4800B6E5A9 /* Release */ = {
			isa = XCBuildConfiguration;
			baseConfigurationReference = 7036D297E4AD3AB16400CA99 /* Pods-Parser.release.xcconfig */;
			buildSettings = {
				ASSETCATALOG_COMPILER_APPICON_NAME = AppIcon;
				ASSETCATALOG_COMPILER_GLOBAL_ACCENT_COLOR_NAME = AccentColor;
				CODE_SIGN_STYLE = Automatic;
				CURRENT_PROJECT_VERSION = 1;
				DEVELOPMENT_TEAM = 66U7LMMS3D;
				GENERATE_INFOPLIST_FILE = YES;
				INFOPLIST_FILE = Parser/Info.plist;
				INFOPLIST_KEY_UIApplicationSupportsIndirectInputEvents = YES;
				INFOPLIST_KEY_UILaunchStoryboardName = LaunchScreen;
				INFOPLIST_KEY_UIMainStoryboardFile = Main;
				INFOPLIST_KEY_UISupportedInterfaceOrientations_iPad = "UIInterfaceOrientationPortrait UIInterfaceOrientationPortraitUpsideDown UIInterfaceOrientationLandscapeLeft UIInterfaceOrientationLandscapeRight";
				INFOPLIST_KEY_UISupportedInterfaceOrientations_iPhone = "UIInterfaceOrientationPortrait UIInterfaceOrientationLandscapeLeft UIInterfaceOrientationLandscapeRight";
				LD_RUNPATH_SEARCH_PATHS = (
					"$(inherited)",
					"@executable_path/Frameworks",
				);
				MARKETING_VERSION = 1.0;
				PRODUCT_BUNDLE_IDENTIFIER = kz.RolichZhanna.Parser;
				PRODUCT_NAME = "$(TARGET_NAME)";
				SWIFT_EMIT_LOC_STRINGS = YES;
				SWIFT_VERSION = 5.0;
				TARGETED_DEVICE_FAMILY = "1,2";
			};
			name = Release;
		};
/* End XCBuildConfiguration section */

/* Begin XCConfigurationList section */
		AFD1651229277E3E00B6E5A9 /* Build configuration list for PBXProject "Parser" */ = {
			isa = XCConfigurationList;
			buildConfigurations = (
				AFD1652929277E4800B6E5A9 /* Debug */,
				AFD1652A29277E4800B6E5A9 /* Release */,
			);
			defaultConfigurationIsVisible = 0;
			defaultConfigurationName = Release;
		};
		AFD1652B29277E4800B6E5A9 /* Build configuration list for PBXNativeTarget "Parser" */ = {
			isa = XCConfigurationList;
			buildConfigurations = (
				AFD1652C29277E4800B6E5A9 /* Debug */,
				AFD1652D29277E4800B6E5A9 /* Release */,
			);
			defaultConfigurationIsVisible = 0;
			defaultConfigurationName = Release;
		};
/* End XCConfigurationList section */
	};
	rootObject = AFD1650F29277E3E00B6E5A9 /* Project object */;
}
